
Microsoft Visual Studio Solution File, Format Version 12.00
# Visual Studio Version 17
VisualStudioVersion = 17.13.35919.96 d17.13
MinimumVisualStudioVersion = 10.0.40219.1
Project("{FAE04EC0-301F-11D3-BF4B-00C04F79EFBC}") = "HotelManagementSystemWPF", "HotelManagementSystemWPF\HotelManagementSystemWPF.csproj", "{E4AAED69-7D66-46F0-AA35-D479B4B566F4}"
EndProject
Global
	GlobalSection(SolutionConfigurationPlatforms) = preSolution
		Debug|Any CPU = Debug|Any CPU
		Release|Any CPU = Release|Any CPU
	EndGlobalSection
	GlobalSection(ProjectConfigurationPlatforms) = postSolution
		{E4AAED69-7D66-46F0-AA35-D479B4B566F4}.Debug|Any CPU.ActiveCfg = Debug|Any CPU
		{E4AAED69-7D66-46F0-AA35-D479B4B566F4}.Debug|Any CPU.Build.0 = Debug|Any CPU
		{E4AAED69-7D66-46F0-AA35-D479B4B566F4}.Release|Any CPU.ActiveCfg = Release|Any CPU
		{E4AAED69-7D66-46F0-AA35-D479B4B566F4}.Release|Any CPU.Build.0 = Release|Any CPU
	EndGlobalSection
	GlobalSection(SolutionProperties) = preSolution
		HideSolutionNode = FALSE
	EndGlobalSection
	GlobalSection(ExtensibilityGlobals) = postSolution
		SolutionGuid = {C65861C2-2929-49AB-BBD3-3E7F8E28EFC0}
	EndGlobalSection
EndGlobal
